
Microsoft Visual Studio Solution File, Format Version 12.00
# Visual Studio 2012
Project("{8BC9CEB8-8B4A-11D0-8D11-00A0C91BC942}") = "C++之命名空间", "C++之命名空间\C++之命名空间.vcxproj", "{F869AB34-C295-4424-9132-98F35293EA26}"
EndProject
Global
	GlobalSection(SolutionConfigurationPlatforms) = preSolution
		Debug|Win32 = Debug|Win32
		Release|Win32 = Release|Win32
	EndGlobalSection
	GlobalSection(ProjectConfigurationPlatforms) = postSolution
		{F869AB34-C295-4424-9132-98F35293EA26}.Debug|Win32.ActiveCfg = Debug|Win32
		{F869AB34-C295-4424-9132-98F35293EA26}.Debug|Win32.Build.0 = Debug|Win32
		{F869AB34-C295-4424-9132-98F35293EA26}.Release|Win32.ActiveCfg = Release|Win32
		{F869AB34-C295-4424-9132-98F35293EA26}.Release|Win32.Build.0 = Release|Win32
	EndGlobalSection
	GlobalSection(SolutionProperties) = preSolution
		HideSolutionNode = FALSE
	EndGlobalSection
EndGlobal
