
Microsoft Visual Studio Solution File, Format Version 12.00
# Visual Studio 15
VisualStudioVersion = 15.0.28307.1000
MinimumVisualStudioVersion = 10.0.40219.1
Project("{8BC9CEB8-8B4A-11D0-8D11-00A0C91BC942}") = "VectorTest", "VectorTest\VectorTest.vcxproj", "{67297D0E-9EEC-4602-844C-E8B778B9B895}"
EndProject
Global
	GlobalSection(SolutionConfigurationPlatforms) = preSolution
		Debug|x64 = Debug|x64
		Debug|x86 = Debug|x86
		Release|x64 = Release|x64
		Release|x86 = Release|x86
	EndGlobalSection
	GlobalSection(ProjectConfigurationPlatforms) = postSolution
		{67297D0E-9EEC-4602-844C-E8B778B9B895}.Debug|x64.ActiveCfg = Debug|x64
		{67297D0E-9EEC-4602-844C-E8B778B9B895}.Debug|x64.Build.0 = Debug|x64
		{67297D0E-9EEC-4602-844C-E8B778B9B895}.Debug|x86.ActiveCfg = Debug|Win32
		{67297D0E-9EEC-4602-844C-E8B778B9B895}.Debug|x86.Build.0 = Debug|Win32
		{67297D0E-9EEC-4602-844C-E8B778B9B895}.Release|x64.ActiveCfg = Release|x64
		{67297D0E-9EEC-4602-844C-E8B778B9B895}.Release|x64.Build.0 = Release|x64
		{67297D0E-9EEC-4602-844C-E8B778B9B895}.Release|x86.ActiveCfg = Release|Win32
		{67297D0E-9EEC-4602-844C-E8B778B9B895}.Release|x86.Build.0 = Release|Win32
	EndGlobalSection
	GlobalSection(SolutionProperties) = preSolution
		HideSolutionNode = FALSE
	EndGlobalSection
	GlobalSection(ExtensibilityGlobals) = postSolution
		SolutionGuid = {9D1B783C-E999-468D-9652-477ABFEECAF6}
	EndGlobalSection
EndGlobal
