
Microsoft Visual Studio Solution File, Format Version 12.00
# Visual Studio 2012
Project("{8BC9CEB8-8B4A-11D0-8D11-00A0C91BC942}") = "STL-string", "STL-string\STL-string.vcxproj", "{4411849D-25FE-439F-B78D-48C8D246CD9B}"
EndProject
Global
	GlobalSection(SolutionConfigurationPlatforms) = preSolution
		Debug|Win32 = Debug|Win32
		Release|Win32 = Release|Win32
	EndGlobalSection
	GlobalSection(ProjectConfigurationPlatforms) = postSolution
		{4411849D-25FE-439F-B78D-48C8D246CD9B}.Debug|Win32.ActiveCfg = Debug|Win32
		{4411849D-25FE-439F-B78D-48C8D246CD9B}.Debug|Win32.Build.0 = Debug|Win32
		{4411849D-25FE-439F-B78D-48C8D246CD9B}.Release|Win32.ActiveCfg = Release|Win32
		{4411849D-25FE-439F-B78D-48C8D246CD9B}.Release|Win32.Build.0 = Release|Win32
	EndGlobalSection
	GlobalSection(SolutionProperties) = preSolution
		HideSolutionNode = FALSE
	EndGlobalSection
EndGlobal
