
Microsoft Visual Studio Solution File, Format Version 12.00
# Visual Studio 15
VisualStudioVersion = 15.0.28307.1000
MinimumVisualStudioVersion = 10.0.40219.1
Project("{8BC9CEB8-8B4A-11D0-8D11-00A0C91BC942}") = "2020_5_19leetcode", "2020_5_19leetcode\2020_5_19leetcode.vcxproj", "{A9822561-81CF-4C35-8AB4-8357AAE4A43F}"
EndProject
Global
	GlobalSection(SolutionConfigurationPlatforms) = preSolution
		Debug|x64 = Debug|x64
		Debug|x86 = Debug|x86
		Release|x64 = Release|x64
		Release|x86 = Release|x86
	EndGlobalSection
	GlobalSection(ProjectConfigurationPlatforms) = postSolution
		{A9822561-81CF-4C35-8AB4-8357AAE4A43F}.Debug|x64.ActiveCfg = Debug|x64
		{A9822561-81CF-4C35-8AB4-8357AAE4A43F}.Debug|x64.Build.0 = Debug|x64
		{A9822561-81CF-4C35-8AB4-8357AAE4A43F}.Debug|x86.ActiveCfg = Debug|Win32
		{A9822561-81CF-4C35-8AB4-8357AAE4A43F}.Debug|x86.Build.0 = Debug|Win32
		{A9822561-81CF-4C35-8AB4-8357AAE4A43F}.Release|x64.ActiveCfg = Release|x64
		{A9822561-81CF-4C35-8AB4-8357AAE4A43F}.Release|x64.Build.0 = Release|x64
		{A9822561-81CF-4C35-8AB4-8357AAE4A43F}.Release|x86.ActiveCfg = Release|Win32
		{A9822561-81CF-4C35-8AB4-8357AAE4A43F}.Release|x86.Build.0 = Release|Win32
	EndGlobalSection
	GlobalSection(SolutionProperties) = preSolution
		HideSolutionNode = FALSE
	EndGlobalSection
	GlobalSection(ExtensibilityGlobals) = postSolution
		SolutionGuid = {38BA7F74-042B-497E-A770-A8D280EEBE42}
	EndGlobalSection
EndGlobal
