
Microsoft Visual Studio Solution File, Format Version 12.00
# Visual Studio 2012
Project("{8BC9CEB8-8B4A-11D0-8D11-00A0C91BC942}") = "2019.11.5每日一题", "2019.11.5每日一题\2019.11.5每日一题.vcxproj", "{62B746DE-C336-4CFA-B982-1BB118E3BDEF}"
EndProject
Global
	GlobalSection(SolutionConfigurationPlatforms) = preSolution
		Debug|Win32 = Debug|Win32
		Release|Win32 = Release|Win32
	EndGlobalSection
	GlobalSection(ProjectConfigurationPlatforms) = postSolution
		{62B746DE-C336-4CFA-B982-1BB118E3BDEF}.Debug|Win32.ActiveCfg = Debug|Win32
		{62B746DE-C336-4CFA-B982-1BB118E3BDEF}.Debug|Win32.Build.0 = Debug|Win32
		{62B746DE-C336-4CFA-B982-1BB118E3BDEF}.Release|Win32.ActiveCfg = Release|Win32
		{62B746DE-C336-4CFA-B982-1BB118E3BDEF}.Release|Win32.Build.0 = Release|Win32
	EndGlobalSection
	GlobalSection(SolutionProperties) = preSolution
		HideSolutionNode = FALSE
	EndGlobalSection
EndGlobal
